{
  "name": "ipn-folio-prueba-compilacion",
  "lockfileVersion": 3,
  "requires": true,
  "packages": {
    "": {
      "name": "ipn-folio-prueba-compilacion",
      "license": "AGPL-3.0-or-later",
      "dependencies": {
        "texlyre-busytex": "1.4.0"
      }
    },
    "node_modules/texlyre-busytex": {
      "version": "1.4.0",
      "resolved": "https://registry.npmjs.org/texlyre-busytex/-/texlyre-busytex-1.4.0.tgz",
      "integrity": "sha512-Fsx6DQyKibmIK+FErpVZwZAX99syRFEq1aARm7FNHtT+MBjvS57SJQkk+PeeYcFqGOEcDZvJ/d+Na/Oq2WSbXw==",
      "license": "AGPL-3.0-or-later",
      "bin": {
        "texlyre-busytex": "scripts/cli.cjs"
      }
    }
  }
}
